
Microsoft Visual Studio Solution File, Format Version 12.00
# Visual Studio Version 17
VisualStudioVersion = 17.8.34525.116
MinimumVisualStudioVersion = 10.0.40219.1
Project("{8BC9CEB8-8B4A-11D0-8D11-00A0C91BC942}") = "AVL", "AVL.vcxproj", "{B00F93E0-536C-4E2F-BF70-F864B31C39FD}"
EndProject
Global
	GlobalSection(SolutionConfigurationPlatforms) = preSolution
		Debug|x64 = Debug|x64
		Debug|x86 = Debug|x86
		Release|x64 = Release|x64
		Release|x86 = Release|x86
	EndGlobalSection
	GlobalSection(ProjectConfigurationPlatforms) = postSolution
		{B00F93E0-536C-4E2F-BF70-F864B31C39FD}.Debug|x64.ActiveCfg = Debug|x64
		{B00F93E0-536C-4E2F-BF70-F864B31C39FD}.Debug|x64.Build.0 = Debug|x64
		{B00F93E0-536C-4E2F-BF70-F864B31C39FD}.Debug|x86.ActiveCfg = Debug|Win32
		{B00F93E0-536C-4E2F-BF70-F864B31C39FD}.Debug|x86.Build.0 = Debug|Win32
		{B00F93E0-536C-4E2F-BF70-F864B31C39FD}.Release|x64.ActiveCfg = Release|x64
		{B00F93E0-536C-4E2F-BF70-F864B31C39FD}.Release|x64.Build.0 = Release|x64
		{B00F93E0-536C-4E2F-BF70-F864B31C39FD}.Release|x86.ActiveCfg = Release|Win32
		{B00F93E0-536C-4E2F-BF70-F864B31C39FD}.Release|x86.Build.0 = Release|Win32
	EndGlobalSection
	GlobalSection(SolutionProperties) = preSolution
		HideSolutionNode = FALSE
	EndGlobalSection
	GlobalSection(ExtensibilityGlobals) = postSolution
		SolutionGuid = {9BD4E796-3CDF-4245-AD49-9A41F9E358A5}
	EndGlobalSection
EndGlobal
